
Microsoft Visual Studio Solution File, Format Version 12.00
# Visual Studio Version 17
VisualStudioVersion = 17.7.34003.232
MinimumVisualStudioVersion = 10.0.40219.1
Project("{FAE04EC0-301F-11D3-BF4B-00C04F79EFBC}") = "OOPSummative2", "OOPSummative2\OOPSummative2.csproj", "{46F4823C-BD21-4C7B-8B96-8ACBD3E1BD1C}"
EndProject
Project("{2150E333-8FDC-42A3-9474-1A3956D46DE8}") = "NewFolder1", "NewFolder1", "{1947D1C4-3E9B-40AE-892D-EDD725C30C60}"
EndProject
Global
	GlobalSection(SolutionConfigurationPlatforms) = preSolution
		Debug|Any CPU = Debug|Any CPU
		Release|Any CPU = Release|Any CPU
	EndGlobalSection
	GlobalSection(ProjectConfigurationPlatforms) = postSolution
		{46F4823C-BD21-4C7B-8B96-8ACBD3E1BD1C}.Debug|Any CPU.ActiveCfg = Debug|Any CPU
		{46F4823C-BD21-4C7B-8B96-8ACBD3E1BD1C}.Debug|Any CPU.Build.0 = Debug|Any CPU
		{46F4823C-BD21-4C7B-8B96-8ACBD3E1BD1C}.Release|Any CPU.ActiveCfg = Release|Any CPU
		{46F4823C-BD21-4C7B-8B96-8ACBD3E1BD1C}.Release|Any CPU.Build.0 = Release|Any CPU
	EndGlobalSection
	GlobalSection(SolutionProperties) = preSolution
		HideSolutionNode = FALSE
	EndGlobalSection
	GlobalSection(ExtensibilityGlobals) = postSolution
		SolutionGuid = {D3D6700D-DB4B-40E3-98FC-2CBF33DCF688}
	EndGlobalSection
EndGlobal
